
Microsoft Visual Studio Solution File, Format Version 12.00
# Visual Studio Version 17
VisualStudioVersion = 17.8.34511.84
MinimumVisualStudioVersion = 10.0.40219.1
Project("{9A19103F-16F7-4668-BE54-9A1E7A4F7556}") = "RabbitSender", "RabbitSender\RabbitSender.csproj", "{55ADAE49-61D8-4A5F-BC56-7EB48992FB27}"
EndProject
Project("{FAE04EC0-301F-11D3-BF4B-00C04F79EFBC}") = "RabbitReceiver1", "RabbitReceiver1\RabbitReceiver1.csproj", "{7448580D-3F21-4B26-AB0E-255C4128C627}"
EndProject
Project("{FAE04EC0-301F-11D3-BF4B-00C04F79EFBC}") = "RabbitReceiver2", "RabbitReceiver2\RabbitReceiver2.csproj", "{DC626D22-577F-4425-A255-4F7C8A903264}"
EndProject
Global
	GlobalSection(SolutionConfigurationPlatforms) = preSolution
		Debug|Any CPU = Debug|Any CPU
		Release|Any CPU = Release|Any CPU
	EndGlobalSection
	GlobalSection(ProjectConfigurationPlatforms) = postSolution
		{55ADAE49-61D8-4A5F-BC56-7EB48992FB27}.Debug|Any CPU.ActiveCfg = Debug|Any CPU
		{55ADAE49-61D8-4A5F-BC56-7EB48992FB27}.Debug|Any CPU.Build.0 = Debug|Any CPU
		{55ADAE49-61D8-4A5F-BC56-7EB48992FB27}.Release|Any CPU.ActiveCfg = Release|Any CPU
		{55ADAE49-61D8-4A5F-BC56-7EB48992FB27}.Release|Any CPU.Build.0 = Release|Any CPU
		{7448580D-3F21-4B26-AB0E-255C4128C627}.Debug|Any CPU.ActiveCfg = Debug|Any CPU
		{7448580D-3F21-4B26-AB0E-255C4128C627}.Debug|Any CPU.Build.0 = Debug|Any CPU
		{7448580D-3F21-4B26-AB0E-255C4128C627}.Release|Any CPU.ActiveCfg = Release|Any CPU
		{7448580D-3F21-4B26-AB0E-255C4128C627}.Release|Any CPU.Build.0 = Release|Any CPU
		{DC626D22-577F-4425-A255-4F7C8A903264}.Debug|Any CPU.ActiveCfg = Debug|Any CPU
		{DC626D22-577F-4425-A255-4F7C8A903264}.Debug|Any CPU.Build.0 = Debug|Any CPU
		{DC626D22-577F-4425-A255-4F7C8A903264}.Release|Any CPU.ActiveCfg = Release|Any CPU
		{DC626D22-577F-4425-A255-4F7C8A903264}.Release|Any CPU.Build.0 = Release|Any CPU
	EndGlobalSection
	GlobalSection(SolutionProperties) = preSolution
		HideSolutionNode = FALSE
	EndGlobalSection
	GlobalSection(ExtensibilityGlobals) = postSolution
		SolutionGuid = {B59C7163-F80B-413F-9CAC-13438597A033}
	EndGlobalSection
EndGlobal
